// !$*UTF8*$!
{
	archiveVersion = 1;
	classes = {
	};
	objectVersion = 52;
	objects = {

/* Begin PBXBuildFile section */
		364AEAD32553AAFA008F6F84 /* Note.swift in Sources */ = {isa = PBXBuildFile; fileRef = 364AEAD22553AAFA008F6F84 /* Note.swift */; };
		364AEAD72553BE34008F6F84 /* SwiftUIImagePickerController in Frameworks */ = {isa = PBXBuildFile; productRef = 364AEAD62553BE34008F6F84 /* SwiftUIImagePickerController */; };
		364AEADA2553CFC2008F6F84 /* NoteViewModel.swift in Sources */ = {isa = PBXBuildFile; fileRef = 364AEAD92553CFC1008F6F84 /* NoteViewModel.swift */; };
		36FFCD522553A48300F5BA60 /* PackageDocSwiftUIApp.swift in Sources */ = {isa = PBXBuildFile; fileRef = 36FFCD512553A48300F5BA60 /* PackageDocSwiftUIApp.swift */; };
		36FFCD542553A48300F5BA60 /* PackageDocSwiftUIDocument.swift in Sources */ = {isa = PBXBuildFile; fileRef = 36FFCD532553A48300F5BA60 /* PackageDocSwiftUIDocument.swift */; };
		36FFCD562553A48300F5BA60 /* ContentView.swift in Sources */ = {isa = PBXBuildFile; fileRef = 36FFCD552553A48300F5BA60 /* ContentView.swift */; };
		36FFCD582553A48400F5BA60 /* Assets.xcassets in Resources */ = {isa = PBXBuildFile; fileRef = 36FFCD572553A48400F5BA60 /* Assets.xcassets */; };
		36FFCD5B2553A48400F5BA60 /* Preview Assets.xcassets in Resources */ = {isa = PBXBuildFile; fileRef = 36FFCD5A2553A48400F5BA60 /* Preview Assets.xcassets */; };
/* End PBXBuildFile section */

/* Begin PBXFileReference section */
		364AEAD22553AAFA008F6F84 /* Note.swift */ = {isa = PBXFileReference; lastKnownFileType = sourcecode.swift; path = Note.swift; sourceTree = "<group>"; };
		364AEAD92553CFC1008F6F84 /* NoteViewModel.swift */ = {isa = PBXFileReference; lastKnownFileType = sourcecode.swift; path = NoteViewModel.swift; sourceTree = "<group>"; };
		36FFCD4E2553A48300F5BA60 /* PackageDocSwiftUI.app */ = {isa = PBXFileReference; explicitFileType = wrapper.application; includeInIndex = 0; path = PackageDocSwiftUI.app; sourceTree = BUILT_PRODUCTS_DIR; };
		36FFCD512553A48300F5BA60 /* PackageDocSwiftUIApp.swift */ = {isa = PBXFileReference; lastKnownFileType = sourcecode.swift; path = PackageDocSwiftUIApp.swift; sourceTree = "<group>"; };
		36FFCD532553A48300F5BA60 /* PackageDocSwiftUIDocument.swift */ = {isa = PBXFileReference; lastKnownFileType = sourcecode.swift; path = PackageDocSwiftUIDocument.swift; sourceTree = "<group>"; };
		36FFCD552553A48300F5BA60 /* ContentView.swift */ = {isa = PBXFileReference; lastKnownFileType = sourcecode.swift; path = ContentView.swift; sourceTree = "<group>"; };
		36FFCD572553A48400F5BA60 /* Assets.xcassets */ = {isa = PBXFileReference; lastKnownFileType = folder.assetcatalog; path = Assets.xcassets; sourceTree = "<group>"; };
		36FFCD5A2553A48400F5BA60 /* Preview Assets.xcassets */ = {isa = PBXFileReference; lastKnownFileType = folder.assetcatalog; path = "Preview Assets.xcassets"; sourceTree = "<group>"; };
		36FFCD5C2553A48400F5BA60 /* Info.plist */ = {isa = PBXFileReference; lastKnownFileType = text.plist.xml; path = Info.plist; sourceTree = "<group>"; };
/* End PBXFileReference section */

/* Begin PBXFrameworksBuildPhase section */
		36FFCD4B2553A48300F5BA60 /* Frameworks */ = {
			isa = PBXFrameworksBuildPhase;
			buildActionMask = 2147483647;
			files = (
				364AEAD72553BE34008F6F84 /* SwiftUIImagePickerController in Frameworks */,
			);
			runOnlyForDeploymentPostprocessing = 0;
		};
/* End PBXFrameworksBuildPhase section */

/* Begin PBXGroup section */
		36FFCD452553A48300F5BA60 = {
			isa = PBXGroup;
			children = (
				36FFCD502553A48300F5BA60 /* PackageDocSwiftUI */,
				36FFCD4F2553A48300F5BA60 /* Products */,
			);
			sourceTree = "<group>";
		};
		36FFCD4F2553A48300F5BA60 /* Products */ = {
			isa = PBXGroup;
			children = (
				36FFCD4E2553A48300F5BA60 /* PackageDocSwiftUI.app */,
			);
			name = Products;
			sourceTree = "<group>";
		};
		36FFCD502553A48300F5BA60 /* PackageDocSwiftUI */ = {
			isa = PBXGroup;
			children = (
				36FFCD512553A48300F5BA60 /* PackageDocSwiftUIApp.swift */,
				36FFCD532553A48300F5BA60 /* PackageDocSwiftUIDocument.swift */,
				36FFCD552553A48300F5BA60 /* ContentView.swift */,
				36FFCD572553A48400F5BA60 /* Assets.xcassets */,
				36FFCD5C2553A48400F5BA60 /* Info.plist */,
				36FFCD592553A48400F5BA60 /* Preview Content */,
				364AEAD22553AAFA008F6F84 /* Note.swift */,
				364AEAD92553CFC1008F6F84 /* NoteViewModel.swift */,
			);
			path = PackageDocSwiftUI;
			sourceTree = "<group>";
		};
		36FFCD592553A48400F5BA60 /* Preview Content */ = {
			isa = PBXGroup;
			children = (
				36FFCD5A2553A48400F5BA60 /* Preview Assets.xcassets */,
			);
			path = "Preview Content";
			sourceTree = "<group>";
		};
/* End PBXGroup section */

/* Begin PBXNativeTarget section */
		36FFCD4D2553A48300F5BA60 /* PackageDocSwiftUI */ = {
			isa = PBXNativeTarget;
			buildConfigurationList = 36FFCD5F2553A48400F5BA60 /* Build configuration list for PBXNativeTarget "PackageDocSwiftUI" */;
			buildPhases = (
				36FFCD4A2553A48300F5BA60 /* Sources */,
				36FFCD4B2553A48300F5BA60 /* Frameworks */,
				36FFCD4C2553A48300F5BA60 /* Resources */,
			);
			buildRules = (
			);
			dependencies = (
			);
			name = PackageDocSwiftUI;
			packageProductDependencies = (
				364AEAD62553BE34008F6F84 /* SwiftUIImagePickerController */,
			);
			productName = PackageDocSwiftUI;
			productReference = 36FFCD4E2553A48300F5BA60 /* PackageDocSwiftUI.app */;
			productType = "com.apple.product-type.application";
		};
/* End PBXNativeTarget section */

/* Begin PBXProject section */
		36FFCD462553A48300F5BA60 /* Project object */ = {
			isa = PBXProject;
			attributes = {
				LastSwiftUpdateCheck = 1210;
				LastUpgradeCheck = 1210;
				TargetAttributes = {
					36FFCD4D2553A48300F5BA60 = {
						CreatedOnToolsVersion = 12.1;
					};
				};
			};
			buildConfigurationList = 36FFCD492553A48300F5BA60 /* Build configuration list for PBXProject "PackageDocSwiftUI" */;
			compatibilityVersion = "Xcode 9.3";
			developmentRegion = en;
			hasScannedForEncodings = 0;
			knownRegions = (
				en,
				Base,
			);
			mainGroup = 36FFCD452553A48300F5BA60;
			packageReferences = (
				364AEAD52553BE34008F6F84 /* XCRemoteSwiftPackageReference "SwiftUIImagePickerController" */,
			);
			productRefGroup = 36FFCD4F2553A48300F5BA60 /* Products */;
			projectDirPath = "";
			projectRoot = "";
			targets = (
				36FFCD4D2553A48300F5BA60 /* PackageDocSwiftUI */,
			);
		};
/* End PBXProject section */

/* Begin PBXResourcesBuildPhase section */
		36FFCD4C2553A48300F5BA60 /* Resources */ = {
			isa = PBXResourcesBuildPhase;
			buildActionMask = 2147483647;
			files = (
				36FFCD5B2553A48400F5BA60 /* Preview Assets.xcassets in Resources */,
				36FFCD582553A48400F5BA60 /* Assets.xcassets in Resources */,
			);
			runOnlyForDeploymentPostprocessing = 0;
		};
/* End PBXResourcesBuildPhase section */

/* Begin PBXSourcesBuildPhase section */
		36FFCD4A2553A48300F5BA60 /* Sources */ = {
			isa = PBXSourcesBuildPhase;
			buildActionMask = 2147483647;
			files = (
				364AEADA2553CFC2008F6F84 /* NoteViewModel.swift in Sources */,
				36FFCD542553A48300F5BA60 /* PackageDocSwiftUIDocument.swift in Sources */,
				36FFCD522553A48300F5BA60 /* PackageDocSwiftUIApp.swift in Sources */,
				36FFCD562553A48300F5BA60 /* ContentView.swift in Sources */,
				364AEAD32553AAFA008F6F84 /* Note.swift in Sources */,
			);
			runOnlyForDeploymentPostprocessing = 0;
		};
/* End PBXSourcesBuildPhase section */

/* Begin XCBuildConfiguration section */
		36FFCD5D2553A48400F5BA60 /* Debug */ = {
			isa = XCBuildConfiguration;
			buildSettings = {
				ALWAYS_SEARCH_USER_PATHS = NO;
				CLANG_ANALYZER_NONNULL = YES;
				CLANG_ANALYZER_NUMBER_OBJECT_CONVERSION = YES_AGGRESSIVE;
				CLANG_CXX_LANGUAGE_STANDARD = "gnu++14";
				CLANG_CXX_LIBRARY = "libc++";
				CLANG_ENABLE_MODULES = YES;
				CLANG_ENABLE_OBJC_ARC = YES;
				CLANG_ENABLE_OBJC_WEAK = YES;
				CLANG_WARN_BLOCK_CAPTURE_AUTORELEASING = YES;
				CLANG_WARN_BOOL_CONVERSION = YES;
				CLANG_WARN_COMMA = YES;
				CLANG_WARN_CONSTANT_CONVERSION = YES;
				CLANG_WARN_DEPRECATED_OBJC_IMPLEMENTATIONS = YES;
				CLANG_WARN_DIRECT_OBJC_ISA_USAGE = YES_ERROR;
				CLANG_WARN_DOCUMENTATION_COMMENTS = YES;
				CLANG_WARN_EMPTY_BODY = YES;
				CLANG_WARN_ENUM_CONVERSION = YES;
				CLANG_WARN_INFINITE_RECURSION = YES;
				CLANG_WARN_INT_CONVERSION = YES;
				CLANG_WARN_NON_LITERAL_NULL_CONVERSION = YES;
				CLANG_WARN_OBJC_IMPLICIT_RETAIN_SELF = YES;
				CLANG_WARN_OBJC_LITERAL_CONVERSION = YES;
				CLANG_WARN_OBJC_ROOT_CLASS = YES_ERROR;
				CLANG_WARN_QUOTED_INCLUDE_IN_FRAMEWORK_HEADER = YES;
				CLANG_WARN_RANGE_LOOP_ANALYSIS = YES;
				CLANG_WARN_STRICT_PROTOTYPES = YES;
				CLANG_WARN_SUSPICIOUS_MOVE = YES;
				CLANG_WARN_UNGUARDED_AVAILABILITY = YES_AGGRESSIVE;
				CLANG_WARN_UNREACHABLE_CODE = YES;
				CLANG_WARN__DUPLICATE_METHOD_MATCH = YES;
				COPY_PHASE_STRIP = NO;
				DEBUG_INFORMATION_FORMAT = dwarf;
				ENABLE_STRICT_OBJC_MSGSEND = YES;
				ENABLE_TESTABILITY = YES;
				GCC_C_LANGUAGE_STANDARD = gnu11;
				GCC_DYNAMIC_NO_PIC = NO;
				GCC_NO_COMMON_BLOCKS = YES;
				GCC_OPTIMIZATION_LEVEL = 0;
				GCC_PREPROCESSOR_DEFINITIONS = (
					"DEBUG=1",
					"$(inherited)",
				);
				GCC_WARN_64_TO_32_BIT_CONVERSION = YES;
				GCC_WARN_ABOUT_RETURN_TYPE = YES_ERROR;
				GCC_WARN_UNDECLARED_SELECTOR = YES;
				GCC_WARN_UNINITIALIZED_AUTOS = YES_AGGRESSIVE;
				GCC_WARN_UNUSED_FUNCTION = YES;
				GCC_WARN_UNUSED_VARIABLE = YES;
				IPHONEOS_DEPLOYMENT_TARGET = 14.1;
				MTL_ENABLE_DEBUG_INFO = INCLUDE_SOURCE;
				MTL_FAST_MATH = YES;
				ONLY_ACTIVE_ARCH = YES;
				SDKROOT = iphoneos;
				SWIFT_ACTIVE_COMPILATION_CONDITIONS = DEBUG;
				SWIFT_OPTIMIZATION_LEVEL = "-Onone";
			};
			name = Debug;
		};
		36FFCD5E2553A48400F5BA60 /* Release */ = {
			isa = XCBuildConfiguration;
			buildSettings = {
				ALWAYS_SEARCH_USER_PATHS = NO;
				CLANG_ANALYZER_NONNULL = YES;
				CLANG_ANALYZER_NUMBER_OBJECT_CONVERSION = YES_AGGRESSIVE;
				CLANG_CXX_LANGUAGE_STANDARD = "gnu++14";
				CLANG_CXX_LIBRARY = "libc++";
				CLANG_ENABLE_MODULES = YES;
				CLANG_ENABLE_OBJC_ARC = YES;
				CLANG_ENABLE_OBJC_WEAK = YES;
				CLANG_WARN_BLOCK_CAPTURE_AUTORELEASING = YES;
				CLANG_WARN_BOOL_CONVERSION = YES;
				CLANG_WARN_COMMA = YES;
				CLANG_WARN_CONSTANT_CONVERSION = YES;
				CLANG_WARN_DEPRECATED_OBJC_IMPLEMENTATIONS = YES;
				CLANG_WARN_DIRECT_OBJC_ISA_USAGE = YES_ERROR;
				CLANG_WARN_DOCUMENTATION_COMMENTS = YES;
				CLANG_WARN_EMPTY_BODY = YES;
				CLANG_WARN_ENUM_CONVERSION = YES;
				CLANG_WARN_INFINITE_RECURSION = YES;
				CLANG_WARN_INT_CONVERSION = YES;
				CLANG_WARN_NON_LITERAL_NULL_CONVERSION = YES;
				CLANG_WARN_OBJC_IMPLICIT_RETAIN_SELF = YES;
				CLANG_WARN_OBJC_LITERAL_CONVERSION = YES;
				CLANG_WARN_OBJC_ROOT_CLASS = YES_ERROR;
				CLANG_WARN_QUOTED_INCLUDE_IN_FRAMEWORK_HEADER = YES;
				CLANG_WARN_RANGE_LOOP_ANALYSIS = YES;
				CLANG_WARN_STRICT_PROTOTYPES = YES;
				CLANG_WARN_SUSPICIOUS_MOVE = YES;
				CLANG_WARN_UNGUARDED_AVAILABILITY = YES_AGGRESSIVE;
				CLANG_WARN_UNREACHABLE_CODE = YES;
				CLANG_WARN__DUPLICATE_METHOD_MATCH = YES;
				COPY_PHASE_STRIP = NO;
				DEBUG_INFORMATION_FORMAT = "dwarf-with-dsym";
				ENABLE_NS_ASSERTIONS = NO;
				ENABLE_STRICT_OBJC_MSGSEND = YES;
				GCC_C_LANGUAGE_STANDARD = gnu11;
				GCC_NO_COMMON_BLOCKS = YES;
				GCC_WARN_64_TO_32_BIT_CONVERSION = YES;
				GCC_WARN_ABOUT_RETURN_TYPE = YES_ERROR;
				GCC_WARN_UNDECLARED_SELECTOR = YES;
				GCC_WARN_UNINITIALIZED_AUTOS = YES_AGGRESSIVE;
				GCC_WARN_UNUSED_FUNCTION = YES;
				GCC_WARN_UNUSED_VARIABLE = YES;
				IPHONEOS_DEPLOYMENT_TARGET = 14.1;
				MTL_ENABLE_DEBUG_INFO = NO;
				MTL_FAST_MATH = YES;
				SDKROOT = iphoneos;
				SWIFT_COMPILATION_MODE = wholemodule;
				SWIFT_OPTIMIZATION_LEVEL = "-O";
				VALIDATE_PRODUCT = YES;
			};
			name = Release;
		};
		36FFCD602553A48400F5BA60 /* Debug */ = {
			isa = XCBuildConfiguration;
			buildSettings = {
				ASSETCATALOG_COMPILER_APPICON_NAME = AppIcon;
				ASSETCATALOG_COMPILER_GLOBAL_ACCENT_COLOR_NAME = AccentColor;
				CODE_SIGN_STYLE = Automatic;
				DEVELOPMENT_ASSET_PATHS = "\"PackageDocSwiftUI/Preview Content\"";
				DEVELOPMENT_TEAM = QU378YD9WW;
				ENABLE_PREVIEWS = YES;
				INFOPLIST_FILE = PackageDocSwiftUI/Info.plist;
				IPHONEOS_DEPLOYMENT_TARGET = 14.0;
				LD_RUNPATH_SEARCH_PATHS = (
					"$(inherited)",
					"@executable_path/Frameworks",
				);
				PRODUCT_BUNDLE_IDENTIFIER = com.smalldesksoftware.PackageDocSwiftUI;
				PRODUCT_NAME = "$(TARGET_NAME)";
				SWIFT_VERSION = 5.0;
				TARGETED_DEVICE_FAMILY = "1,2";
			};
			name = Debug;
		};
		36FFCD612553A48400F5BA60 /* Release */ = {
			isa = XCBuildConfiguration;
			buildSettings = {
				ASSETCATALOG_COMPILER_APPICON_NAME = AppIcon;
				ASSETCATALOG_COMPILER_GLOBAL_ACCENT_COLOR_NAME = AccentColor;
				CODE_SIGN_STYLE = Automatic;
				DEVELOPMENT_ASSET_PATHS = "\"PackageDocSwiftUI/Preview Content\"";
				DEVELOPMENT_TEAM = QU378YD9WW;
				ENABLE_PREVIEWS = YES;
				INFOPLIST_FILE = PackageDocSwiftUI/Info.plist;
				IPHONEOS_DEPLOYMENT_TARGET = 14.0;
				LD_RUNPATH_SEARCH_PATHS = (
					"$(inherited)",
					"@executable_path/Frameworks",
				);
				PRODUCT_BUNDLE_IDENTIFIER = com.smalldesksoftware.PackageDocSwiftUI;
				PRODUCT_NAME = "$(TARGET_NAME)";
				SWIFT_VERSION = 5.0;
				TARGETED_DEVICE_FAMILY = "1,2";
			};
			name = Release;
		};
/* End XCBuildConfiguration section */

/* Begin XCConfigurationList section */
		36FFCD492553A48300F5BA60 /* Build configuration list for PBXProject "PackageDocSwiftUI" */ = {
			isa = XCConfigurationList;
			buildConfigurations = (
				36FFCD5D2553A48400F5BA60 /* Debug */,
				36FFCD5E2553A48400F5BA60 /* Release */,
			);
			defaultConfigurationIsVisible = 0;
			defaultConfigurationName = Release;
		};
		36FFCD5F2553A48400F5BA60 /* Build configuration list for PBXNativeTarget "PackageDocSwiftUI" */ = {
			isa = XCConfigurationList;
			buildConfigurations = (
				36FFCD602553A48400F5BA60 /* Debug */,
				36FFCD612553A48400F5BA60 /* Release */,
			);
			defaultConfigurationIsVisible = 0;
			defaultConfigurationName = Release;
		};
/* End XCConfigurationList section */

/* Begin XCRemoteSwiftPackageReference section */
		364AEAD52553BE34008F6F84 /* XCRemoteSwiftPackageReference "SwiftUIImagePickerController" */ = {
			isa = XCRemoteSwiftPackageReference;
			repositoryURL = "https://github.com/tyagishi/SwiftUIImagePickerController";
			requirement = {
				kind = upToNextMajorVersion;
				minimumVersion = 0.5.0;
			};
		};
/* End XCRemoteSwiftPackageReference section */

/* Begin XCSwiftPackageProductDependency section */
		364AEAD62553BE34008F6F84 /* SwiftUIImagePickerController */ = {
			isa = XCSwiftPackageProductDependency;
			package = 364AEAD52553BE34008F6F84 /* XCRemoteSwiftPackageReference "SwiftUIImagePickerController" */;
			productName = SwiftUIImagePickerController;
		};
/* End XCSwiftPackageProductDependency section */
	};
	rootObject = 36FFCD462553A48300F5BA60 /* Project object */;
}
